// !$*UTF8*$!
{
	archiveVersion = 1;
	classes = {
	};
	objectVersion = 56;
	objects = {

/* Begin PBXBuildFile section */
		F304DFAB2AB86EE7009F8AB1 /* dingcorrect.wav in Resources */ = {isa = PBXBuildFile; fileRef = F304DFA72AB86EE7009F8AB1 /* dingcorrect.wav */; };
		F304DFAC2AB86EE7009F8AB1 /* dingwrong.wav in Resources */ = {isa = PBXBuildFile; fileRef = F304DFA82AB86EE7009F8AB1 /* dingwrong.wav */; };
		F304DFAD2AB86EE7009F8AB1 /* cardflip.wav in Resources */ = {isa = PBXBuildFile; fileRef = F304DFA92AB86EE7009F8AB1 /* cardflip.wav */; };
		F304DFAE2AB86EE7009F8AB1 /* shuffle.wav in Resources */ = {isa = PBXBuildFile; fileRef = F304DFAA2AB86EE7009F8AB1 /* shuffle.wav */; };
		F325E5332AB0398F0090F3BF /* AppDelegate.swift in Sources */ = {isa = PBXBuildFile; fileRef = F325E5322AB0398F0090F3BF /* AppDelegate.swift */; };
		F325E5352AB0398F0090F3BF /* SceneDelegate.swift in Sources */ = {isa = PBXBuildFile; fileRef = F325E5342AB0398F0090F3BF /* SceneDelegate.swift */; };
		F325E53A2AB0398F0090F3BF /* Main.storyboard in Resources */ = {isa = PBXBuildFile; fileRef = F325E5382AB0398F0090F3BF /* Main.storyboard */; };
		F325E53C2AB039900090F3BF /* Assets.xcassets in Resources */ = {isa = PBXBuildFile; fileRef = F325E53B2AB039900090F3BF /* Assets.xcassets */; };
		F325E53F2AB039900090F3BF /* LaunchScreen.storyboard in Resources */ = {isa = PBXBuildFile; fileRef = F325E53D2AB039900090F3BF /* LaunchScreen.storyboard */; };
		F325E5472AB059D60090F3BF /* cardModel.swift in Sources */ = {isa = PBXBuildFile; fileRef = F325E5462AB059D60090F3BF /* cardModel.swift */; };
		F325E5492AB05B0E0090F3BF /* Card.swift in Sources */ = {isa = PBXBuildFile; fileRef = F325E5482AB05B0E0090F3BF /* Card.swift */; };
		F352EE802AB0737A00B8BC9A /* ViewController.swift in Sources */ = {isa = PBXBuildFile; fileRef = F352EE7F2AB0737A00B8BC9A /* ViewController.swift */; };
		F352EE822AB07BDF00B8BC9A /* CardCollectionViewCell.swift in Sources */ = {isa = PBXBuildFile; fileRef = F352EE812AB07BDF00B8BC9A /* CardCollectionViewCell.swift */; };
		F3E6BC9D2AB972910060279B /* soundManager.swift in Sources */ = {isa = PBXBuildFile; fileRef = F3E6BC9C2AB972910060279B /* soundManager.swift */; };
/* End PBXBuildFile section */

/* Begin PBXFileReference section */
		F304DFA72AB86EE7009F8AB1 /* dingcorrect.wav */ = {isa = PBXFileReference; lastKnownFileType = audio.wav; path = dingcorrect.wav; sourceTree = "<group>"; };
		F304DFA82AB86EE7009F8AB1 /* dingwrong.wav */ = {isa = PBXFileReference; lastKnownFileType = audio.wav; path = dingwrong.wav; sourceTree = "<group>"; };
		F304DFA92AB86EE7009F8AB1 /* cardflip.wav */ = {isa = PBXFileReference; lastKnownFileType = audio.wav; path = cardflip.wav; sourceTree = "<group>"; };
		F304DFAA2AB86EE7009F8AB1 /* shuffle.wav */ = {isa = PBXFileReference; lastKnownFileType = audio.wav; path = shuffle.wav; sourceTree = "<group>"; };
		F325E52F2AB0398F0090F3BF /* TheCardGame.app */ = {isa = PBXFileReference; explicitFileType = wrapper.application; includeInIndex = 0; path = TheCardGame.app; sourceTree = BUILT_PRODUCTS_DIR; };
		F325E5322AB0398F0090F3BF /* AppDelegate.swift */ = {isa = PBXFileReference; lastKnownFileType = sourcecode.swift; path = AppDelegate.swift; sourceTree = "<group>"; };
		F325E5342AB0398F0090F3BF /* SceneDelegate.swift */ = {isa = PBXFileReference; lastKnownFileType = sourcecode.swift; path = SceneDelegate.swift; sourceTree = "<group>"; };
		F325E5392AB0398F0090F3BF /* Base */ = {isa = PBXFileReference; lastKnownFileType = file.storyboard; name = Base; path = Base.lproj/Main.storyboard; sourceTree = "<group>"; };
		F325E53B2AB039900090F3BF /* Assets.xcassets */ = {isa = PBXFileReference; lastKnownFileType = folder.assetcatalog; path = Assets.xcassets; sourceTree = "<group>"; };
		F325E53E2AB039900090F3BF /* Base */ = {isa = PBXFileReference; lastKnownFileType = file.storyboard; name = Base; path = Base.lproj/LaunchScreen.storyboard; sourceTree = "<group>"; };
		F325E5402AB039900090F3BF /* Info.plist */ = {isa = PBXFileReference; lastKnownFileType = text.plist.xml; path = Info.plist; sourceTree = "<group>"; };
		F325E5462AB059D60090F3BF /* cardModel.swift */ = {isa = PBXFileReference; lastKnownFileType = sourcecode.swift; path = cardModel.swift; sourceTree = "<group>"; };
		F325E5482AB05B0E0090F3BF /* Card.swift */ = {isa = PBXFileReference; lastKnownFileType = sourcecode.swift; path = Card.swift; sourceTree = "<group>"; };
		F352EE7F2AB0737A00B8BC9A /* ViewController.swift */ = {isa = PBXFileReference; lastKnownFileType = sourcecode.swift; path = ViewController.swift; sourceTree = "<group>"; };
		F352EE812AB07BDF00B8BC9A /* CardCollectionViewCell.swift */ = {isa = PBXFileReference; lastKnownFileType = sourcecode.swift; path = CardCollectionViewCell.swift; sourceTree = "<group>"; };
		F3E6BC9C2AB972910060279B /* soundManager.swift */ = {isa = PBXFileReference; lastKnownFileType = sourcecode.swift; path = soundManager.swift; sourceTree = "<group>"; };
/* End PBXFileReference section */

/* Begin PBXFrameworksBuildPhase section */
		F325E52C2AB0398F0090F3BF /* Frameworks */ = {
			isa = PBXFrameworksBuildPhase;
			buildActionMask = 2147483647;
			files = (
			);
			runOnlyForDeploymentPostprocessing = 0;
		};
/* End PBXFrameworksBuildPhase section */

/* Begin PBXGroup section */
		F304DFA62AB86E98009F8AB1 /* Sounds */ = {
			isa = PBXGroup;
			children = (
				F304DFA92AB86EE7009F8AB1 /* cardflip.wav */,
				F304DFA72AB86EE7009F8AB1 /* dingcorrect.wav */,
				F304DFA82AB86EE7009F8AB1 /* dingwrong.wav */,
				F304DFAA2AB86EE7009F8AB1 /* shuffle.wav */,
			);
			path = Sounds;
			sourceTree = "<group>";
		};
		F325E5262AB0398F0090F3BF = {
			isa = PBXGroup;
			children = (
				F325E5312AB0398F0090F3BF /* TheCardGame */,
				F325E5302AB0398F0090F3BF /* Products */,
			);
			sourceTree = "<group>";
		};
		F325E5302AB0398F0090F3BF /* Products */ = {
			isa = PBXGroup;
			children = (
				F325E52F2AB0398F0090F3BF /* TheCardGame.app */,
			);
			name = Products;
			sourceTree = "<group>";
		};
		F325E5312AB0398F0090F3BF /* TheCardGame */ = {
			isa = PBXGroup;
			children = (
				F304DFA62AB86E98009F8AB1 /* Sounds */,
				F325E5322AB0398F0090F3BF /* AppDelegate.swift */,
				F325E5342AB0398F0090F3BF /* SceneDelegate.swift */,
				F325E5462AB059D60090F3BF /* cardModel.swift */,
				F3E6BC9C2AB972910060279B /* soundManager.swift */,
				F352EE812AB07BDF00B8BC9A /* CardCollectionViewCell.swift */,
				F352EE7F2AB0737A00B8BC9A /* ViewController.swift */,
				F325E5482AB05B0E0090F3BF /* Card.swift */,
				F325E5382AB0398F0090F3BF /* Main.storyboard */,
				F325E53B2AB039900090F3BF /* Assets.xcassets */,
				F325E53D2AB039900090F3BF /* LaunchScreen.storyboard */,
				F325E5402AB039900090F3BF /* Info.plist */,
			);
			path = TheCardGame;
			sourceTree = "<group>";
		};
/* End PBXGroup section */

/* Begin PBXNativeTarget section */
		F325E52E2AB0398F0090F3BF /* TheCardGame */ = {
			isa = PBXNativeTarget;
			buildConfigurationList = F325E5432AB039900090F3BF /* Build configuration list for PBXNativeTarget "TheCardGame" */;
			buildPhases = (
				F325E52B2AB0398F0090F3BF /* Sources */,
				F325E52C2AB0398F0090F3BF /* Frameworks */,
				F325E52D2AB0398F0090F3BF /* Resources */,
			);
			buildRules = (
			);
			dependencies = (
			);
			name = TheCardGame;
			productName = TheCardGame;
			productReference = F325E52F2AB0398F0090F3BF /* TheCardGame.app */;
			productType = "com.apple.product-type.application";
		};
/* End PBXNativeTarget section */

/* Begin PBXProject section */
		F325E5272AB0398F0090F3BF /* Project object */ = {
			isa = PBXProject;
			attributes = {
				BuildIndependentTargetsInParallel = 1;
				LastSwiftUpdateCheck = 1430;
				LastUpgradeCheck = 1430;
				TargetAttributes = {
					F325E52E2AB0398F0090F3BF = {
						CreatedOnToolsVersion = 14.3.1;
					};
				};
			};
			buildConfigurationList = F325E52A2AB0398F0090F3BF /* Build configuration list for PBXProject "TheCardGame" */;
			compatibilityVersion = "Xcode 14.0";
			developmentRegion = en;
			hasScannedForEncodings = 0;
			knownRegions = (
				en,
				Base,
			);
			mainGroup = F325E5262AB0398F0090F3BF;
			productRefGroup = F325E5302AB0398F0090F3BF /* Products */;
			projectDirPath = "";
			projectRoot = "";
			targets = (
				F325E52E2AB0398F0090F3BF /* TheCardGame */,
			);
		};
/* End PBXProject section */

/* Begin PBXResourcesBuildPhase section */
		F325E52D2AB0398F0090F3BF /* Resources */ = {
			isa = PBXResourcesBuildPhase;
			buildActionMask = 2147483647;
			files = (
				F325E53F2AB039900090F3BF /* LaunchScreen.storyboard in Resources */,
				F304DFAC2AB86EE7009F8AB1 /* dingwrong.wav in Resources */,
				F325E53C2AB039900090F3BF /* Assets.xcassets in Resources */,
				F304DFAE2AB86EE7009F8AB1 /* shuffle.wav in Resources */,
				F325E53A2AB0398F0090F3BF /* Main.storyboard in Resources */,
				F304DFAB2AB86EE7009F8AB1 /* dingcorrect.wav in Resources */,
				F304DFAD2AB86EE7009F8AB1 /* cardflip.wav in Resources */,
			);
			runOnlyForDeploymentPostprocessing = 0;
		};
/* End PBXResourcesBuildPhase section */

/* Begin PBXSourcesBuildPhase section */
		F325E52B2AB0398F0090F3BF /* Sources */ = {
			isa = PBXSourcesBuildPhase;
			buildActionMask = 2147483647;
			files = (
				F3E6BC9D2AB972910060279B /* soundManager.swift in Sources */,
				F352EE802AB0737A00B8BC9A /* ViewController.swift in Sources */,
				F325E5472AB059D60090F3BF /* cardModel.swift in Sources */,
				F325E5492AB05B0E0090F3BF /* Card.swift in Sources */,
				F325E5332AB0398F0090F3BF /* AppDelegate.swift in Sources */,
				F352EE822AB07BDF00B8BC9A /* CardCollectionViewCell.swift in Sources */,
				F325E5352AB0398F0090F3BF /* SceneDelegate.swift in Sources */,
			);
			runOnlyForDeploymentPostprocessing = 0;
		};
/* End PBXSourcesBuildPhase section */

/* Begin PBXVariantGroup section */
		F325E5382AB0398F0090F3BF /* Main.storyboard */ = {
			isa = PBXVariantGroup;
			children = (
				F325E5392AB0398F0090F3BF /* Base */,
			);
			name = Main.storyboard;
			sourceTree = "<group>";
		};
		F325E53D2AB039900090F3BF /* LaunchScreen.storyboard */ = {
			isa = PBXVariantGroup;
			children = (
				F325E53E2AB039900090F3BF /* Base */,
			);
			name = LaunchScreen.storyboard;
			sourceTree = "<group>";
		};
/* End PBXVariantGroup section */

/* Begin XCBuildConfiguration section */
		F325E5412AB039900090F3BF /* Debug */ = {
			isa = XCBuildConfiguration;
			buildSettings = {
				ALWAYS_SEARCH_USER_PATHS = NO;
				CLANG_ANALYZER_NONNULL = YES;
				CLANG_ANALYZER_NUMBER_OBJECT_CONVERSION = YES_AGGRESSIVE;
				CLANG_CXX_LANGUAGE_STANDARD = "gnu++20";
				CLANG_ENABLE_MODULES = YES;
				CLANG_ENABLE_OBJC_ARC = YES;
				CLANG_ENABLE_OBJC_WEAK = YES;
				CLANG_WARN_BLOCK_CAPTURE_AUTORELEASING = YES;
				CLANG_WARN_BOOL_CONVERSION = YES;
				CLANG_WARN_COMMA = YES;
				CLANG_WARN_CONSTANT_CONVERSION = YES;
				CLANG_WARN_DEPRECATED_OBJC_IMPLEMENTATIONS = YES;
				CLANG_WARN_DIRECT_OBJC_ISA_USAGE = YES_ERROR;
				CLANG_WARN_DOCUMENTATION_COMMENTS = YES;
				CLANG_WARN_EMPTY_BODY = YES;
				CLANG_WARN_ENUM_CONVERSION = YES;
				CLANG_WARN_INFINITE_RECURSION = YES;
				CLANG_WARN_INT_CONVERSION = YES;
				CLANG_WARN_NON_LITERAL_NULL_CONVERSION = YES;
				CLANG_WARN_OBJC_IMPLICIT_RETAIN_SELF = YES;
				CLANG_WARN_OBJC_LITERAL_CONVERSION = YES;
				CLANG_WARN_OBJC_ROOT_CLASS = YES_ERROR;
				CLANG_WARN_QUOTED_INCLUDE_IN_FRAMEWORK_HEADER = YES;
				CLANG_WARN_RANGE_LOOP_ANALYSIS = YES;
				CLANG_WARN_STRICT_PROTOTYPES = YES;
				CLANG_WARN_SUSPICIOUS_MOVE = YES;
				CLANG_WARN_UNGUARDED_AVAILABILITY = YES_AGGRESSIVE;
				CLANG_WARN_UNREACHABLE_CODE = YES;
				CLANG_WARN__DUPLICATE_METHOD_MATCH = YES;
				COPY_PHASE_STRIP = NO;
				DEBUG_INFORMATION_FORMAT = dwarf;
				ENABLE_STRICT_OBJC_MSGSEND = YES;
				ENABLE_TESTABILITY = YES;
				GCC_C_LANGUAGE_STANDARD = gnu11;
				GCC_DYNAMIC_NO_PIC = NO;
				GCC_NO_COMMON_BLOCKS = YES;
				GCC_OPTIMIZATION_LEVEL = 0;
				GCC_PREPROCESSOR_DEFINITIONS = (
					"DEBUG=1",
					"$(inherited)",
				);
				GCC_WARN_64_TO_32_BIT_CONVERSION = YES;
				GCC_WARN_ABOUT_RETURN_TYPE = YES_ERROR;
				GCC_WARN_UNDECLARED_SELECTOR = YES;
				GCC_WARN_UNINITIALIZED_AUTOS = YES_AGGRESSIVE;
				GCC_WARN_UNUSED_FUNCTION = YES;
				GCC_WARN_UNUSED_VARIABLE = YES;
				IPHONEOS_DEPLOYMENT_TARGET = 16.4;
				MTL_ENABLE_DEBUG_INFO = INCLUDE_SOURCE;
				MTL_FAST_MATH = YES;
				ONLY_ACTIVE_ARCH = YES;
				SDKROOT = iphoneos;
				SWIFT_ACTIVE_COMPILATION_CONDITIONS = DEBUG;
				SWIFT_OPTIMIZATION_LEVEL = "-Onone";
			};
			name = Debug;
		};
		F325E5422AB039900090F3BF /* Release */ = {
			isa = XCBuildConfiguration;
			buildSettings = {
				ALWAYS_SEARCH_USER_PATHS = NO;
				CLANG_ANALYZER_NONNULL = YES;
				CLANG_ANALYZER_NUMBER_OBJECT_CONVERSION = YES_AGGRESSIVE;
				CLANG_CXX_LANGUAGE_STANDARD = "gnu++20";
				CLANG_ENABLE_MODULES = YES;
				CLANG_ENABLE_OBJC_ARC = YES;
				CLANG_ENABLE_OBJC_WEAK = YES;
				CLANG_WARN_BLOCK_CAPTURE_AUTORELEASING = YES;
				CLANG_WARN_BOOL_CONVERSION = YES;
				CLANG_WARN_COMMA = YES;
				CLANG_WARN_CONSTANT_CONVERSION = YES;
				CLANG_WARN_DEPRECATED_OBJC_IMPLEMENTATIONS = YES;
				CLANG_WARN_DIRECT_OBJC_ISA_USAGE = YES_ERROR;
				CLANG_WARN_DOCUMENTATION_COMMENTS = YES;
				CLANG_WARN_EMPTY_BODY = YES;
				CLANG_WARN_ENUM_CONVERSION = YES;
				CLANG_WARN_INFINITE_RECURSION = YES;
				CLANG_WARN_INT_CONVERSION = YES;
				CLANG_WARN_NON_LITERAL_NULL_CONVERSION = YES;
				CLANG_WARN_OBJC_IMPLICIT_RETAIN_SELF = YES;
				CLANG_WARN_OBJC_LITERAL_CONVERSION = YES;
				CLANG_WARN_OBJC_ROOT_CLASS = YES_ERROR;
				CLANG_WARN_QUOTED_INCLUDE_IN_FRAMEWORK_HEADER = YES;
				CLANG_WARN_RANGE_LOOP_ANALYSIS = YES;
				CLANG_WARN_STRICT_PROTOTYPES = YES;
				CLANG_WARN_SUSPICIOUS_MOVE = YES;
				CLANG_WARN_UNGUARDED_AVAILABILITY = YES_AGGRESSIVE;
				CLANG_WARN_UNREACHABLE_CODE = YES;
				CLANG_WARN__DUPLICATE_METHOD_MATCH = YES;
				COPY_PHASE_STRIP = NO;
				DEBUG_INFORMATION_FORMAT = "dwarf-with-dsym";
				ENABLE_NS_ASSERTIONS = NO;
				ENABLE_STRICT_OBJC_MSGSEND = YES;
				GCC_C_LANGUAGE_STANDARD = gnu11;
				GCC_NO_COMMON_BLOCKS = YES;
				GCC_WARN_64_TO_32_BIT_CONVERSION = YES;
				GCC_WARN_ABOUT_RETURN_TYPE = YES_ERROR;
				GCC_WARN_UNDECLARED_SELECTOR = YES;
				GCC_WARN_UNINITIALIZED_AUTOS = YES_AGGRESSIVE;
				GCC_WARN_UNUSED_FUNCTION = YES;
				GCC_WARN_UNUSED_VARIABLE = YES;
				IPHONEOS_DEPLOYMENT_TARGET = 16.4;
				MTL_ENABLE_DEBUG_INFO = NO;
				MTL_FAST_MATH = YES;
				SDKROOT = iphoneos;
				SWIFT_COMPILATION_MODE = wholemodule;
				SWIFT_OPTIMIZATION_LEVEL = "-O";
				VALIDATE_PRODUCT = YES;
			};
			name = Release;
		};
		F325E5442AB039900090F3BF /* Debug */ = {
			isa = XCBuildConfiguration;
			buildSettings = {
				ASSETCATALOG_COMPILER_APPICON_NAME = AppIcon;
				ASSETCATALOG_COMPILER_GLOBAL_ACCENT_COLOR_NAME = AccentColor;
				CODE_SIGN_STYLE = Automatic;
				CURRENT_PROJECT_VERSION = 1;
				DEVELOPMENT_TEAM = 5YPJCLCT3G;
				GENERATE_INFOPLIST_FILE = YES;
				INFOPLIST_FILE = TheCardGame/Info.plist;
				INFOPLIST_KEY_UIApplicationSupportsIndirectInputEvents = YES;
				INFOPLIST_KEY_UILaunchStoryboardName = LaunchScreen;
				INFOPLIST_KEY_UIMainStoryboardFile = Main;
				INFOPLIST_KEY_UISupportedInterfaceOrientations = "UIInterfaceOrientationLandscapeLeft UIInterfaceOrientationLandscapeRight";
				IPHONEOS_DEPLOYMENT_TARGET = 13.0;
				LD_RUNPATH_SEARCH_PATHS = (
					"$(inherited)",
					"@executable_path/Frameworks",
				);
				MARKETING_VERSION = 1.0;
				PRODUCT_BUNDLE_IDENTIFIER = smartsolar.com.TheCardGame;
				PRODUCT_NAME = "$(TARGET_NAME)";
				SWIFT_EMIT_LOC_STRINGS = YES;
				SWIFT_VERSION = 5.0;
				TARGETED_DEVICE_FAMILY = "1,2";
			};
			name = Debug;
		};
		F325E5452AB039900090F3BF /* Release */ = {
			isa = XCBuildConfiguration;
			buildSettings = {
				ASSETCATALOG_COMPILER_APPICON_NAME = AppIcon;
				ASSETCATALOG_COMPILER_GLOBAL_ACCENT_COLOR_NAME = AccentColor;
				CODE_SIGN_STYLE = Automatic;
				CURRENT_PROJECT_VERSION = 1;
				DEVELOPMENT_TEAM = 5YPJCLCT3G;
				GENERATE_INFOPLIST_FILE = YES;
				INFOPLIST_FILE = TheCardGame/Info.plist;
				INFOPLIST_KEY_UIApplicationSupportsIndirectInputEvents = YES;
				INFOPLIST_KEY_UILaunchStoryboardName = LaunchScreen;
				INFOPLIST_KEY_UIMainStoryboardFile = Main;
				INFOPLIST_KEY_UISupportedInterfaceOrientations = "UIInterfaceOrientationLandscapeLeft UIInterfaceOrientationLandscapeRight";
				IPHONEOS_DEPLOYMENT_TARGET = 13.0;
				LD_RUNPATH_SEARCH_PATHS = (
					"$(inherited)",
					"@executable_path/Frameworks",
				);
				MARKETING_VERSION = 1.0;
				PRODUCT_BUNDLE_IDENTIFIER = smartsolar.com.TheCardGame;
				PRODUCT_NAME = "$(TARGET_NAME)";
				SWIFT_EMIT_LOC_STRINGS = YES;
				SWIFT_VERSION = 5.0;
				TARGETED_DEVICE_FAMILY = "1,2";
			};
			name = Release;
		};
/* End XCBuildConfiguration section */

/* Begin XCConfigurationList section */
		F325E52A2AB0398F0090F3BF /* Build configuration list for PBXProject "TheCardGame" */ = {
			isa = XCConfigurationList;
			buildConfigurations = (
				F325E5412AB039900090F3BF /* Debug */,
				F325E5422AB039900090F3BF /* Release */,
			);
			defaultConfigurationIsVisible = 0;
			defaultConfigurationName = Release;
		};
		F325E5432AB039900090F3BF /* Build configuration list for PBXNativeTarget "TheCardGame" */ = {
			isa = XCConfigurationList;
			buildConfigurations = (
				F325E5442AB039900090F3BF /* Debug */,
				F325E5452AB039900090F3BF /* Release */,
			);
			defaultConfigurationIsVisible = 0;
			defaultConfigurationName = Release;
		};
/* End XCConfigurationList section */
	};
	rootObject = F325E5272AB0398F0090F3BF /* Project object */;
}
